
Microsoft Visual Studio Solution File, Format Version 12.00
# Visual Studio Version 17
VisualStudioVersion = 17.4.33213.308
MinimumVisualStudioVersion = 10.0.40219.1
Project("{FAE04EC0-301F-11D3-BF4B-00C04F79EFBC}") = "scenario10API", "scenario10API\scenario10API.csproj", "{B3F93341-3727-400D-8D4B-A62F6FB1E5F6}"
EndProject
Global
	GlobalSection(SolutionConfigurationPlatforms) = preSolution
		Debug|Any CPU = Debug|Any CPU
		Release|Any CPU = Release|Any CPU
	EndGlobalSection
	GlobalSection(ProjectConfigurationPlatforms) = postSolution
		{B3F93341-3727-400D-8D4B-A62F6FB1E5F6}.Debug|Any CPU.ActiveCfg = Debug|Any CPU
		{B3F93341-3727-400D-8D4B-A62F6FB1E5F6}.Debug|Any CPU.Build.0 = Debug|Any CPU
		{B3F93341-3727-400D-8D4B-A62F6FB1E5F6}.Release|Any CPU.ActiveCfg = Release|Any CPU
		{B3F93341-3727-400D-8D4B-A62F6FB1E5F6}.Release|Any CPU.Build.0 = Release|Any CPU
	EndGlobalSection
	GlobalSection(SolutionProperties) = preSolution
		HideSolutionNode = FALSE
	EndGlobalSection
	GlobalSection(ExtensibilityGlobals) = postSolution
		SolutionGuid = {03C97B61-1814-48CB-B87A-28CBF0F196FA}
	EndGlobalSection
EndGlobal
